
Microsoft Visual Studio Solution File, Format Version 12.00
# Visual Studio 2012
Project("{D954291E-2A0B-460D-934E-DC6B0785DB48}") = "Capptivate.Rooms", "Capptivate.Rooms\Capptivate.Rooms.shproj", "{EB71BFE3-8D93-4E36-9B49-8CE5CC62DD82}"
EndProject
Project("{FAE04EC0-301F-11D3-BF4B-00C04F79EFBC}") = "Capptivate.Rooms.iOS", "iOS\Capptivate.Rooms.iOS.csproj", "{67763D31-29C2-4563-ACC6-4B2214BBCBF8}"
EndProject
Project("{FAE04EC0-301F-11D3-BF4B-00C04F79EFBC}") = "Capptivate.Rooms.Droid", "Droid\Capptivate.Rooms.Droid.csproj", "{9FFBBC40-42CE-4909-BA9B-BF076628D1FE}"
EndProject
Global
	GlobalSection(SolutionConfigurationPlatforms) = preSolution
		Debug|iPhoneSimulator = Debug|iPhoneSimulator
		Release|iPhoneSimulator = Release|iPhoneSimulator
		Debug|iPhone = Debug|iPhone
		Release|iPhone = Release|iPhone
		Ad-Hoc|iPhone = Ad-Hoc|iPhone
		AppStore|iPhone = AppStore|iPhone
		Debug|Any CPU = Debug|Any CPU
		Release|Any CPU = Release|Any CPU
	EndGlobalSection
	GlobalSection(ProjectConfigurationPlatforms) = postSolution
		{67763D31-29C2-4563-ACC6-4B2214BBCBF8}.Ad-Hoc|iPhone.ActiveCfg = Ad-Hoc|iPhone
		{67763D31-29C2-4563-ACC6-4B2214BBCBF8}.Ad-Hoc|iPhone.Build.0 = Ad-Hoc|iPhone
		{67763D31-29C2-4563-ACC6-4B2214BBCBF8}.AppStore|iPhone.ActiveCfg = AppStore|iPhone
		{67763D31-29C2-4563-ACC6-4B2214BBCBF8}.AppStore|iPhone.Build.0 = AppStore|iPhone
		{67763D31-29C2-4563-ACC6-4B2214BBCBF8}.Debug|Any CPU.ActiveCfg = Debug|iPhoneSimulator
		{67763D31-29C2-4563-ACC6-4B2214BBCBF8}.Debug|Any CPU.Build.0 = Debug|iPhoneSimulator
		{67763D31-29C2-4563-ACC6-4B2214BBCBF8}.Debug|iPhone.ActiveCfg = Debug|iPhone
		{67763D31-29C2-4563-ACC6-4B2214BBCBF8}.Debug|iPhone.Build.0 = Debug|iPhone
		{67763D31-29C2-4563-ACC6-4B2214BBCBF8}.Debug|iPhoneSimulator.ActiveCfg = Debug|iPhoneSimulator
		{67763D31-29C2-4563-ACC6-4B2214BBCBF8}.Debug|iPhoneSimulator.Build.0 = Debug|iPhoneSimulator
		{67763D31-29C2-4563-ACC6-4B2214BBCBF8}.Release|Any CPU.ActiveCfg = Release|iPhoneSimulator
		{67763D31-29C2-4563-ACC6-4B2214BBCBF8}.Release|Any CPU.Build.0 = Release|iPhoneSimulator
		{67763D31-29C2-4563-ACC6-4B2214BBCBF8}.Release|iPhone.ActiveCfg = Release|iPhone
		{67763D31-29C2-4563-ACC6-4B2214BBCBF8}.Release|iPhone.Build.0 = Release|iPhone
		{67763D31-29C2-4563-ACC6-4B2214BBCBF8}.Release|iPhoneSimulator.ActiveCfg = Release|iPhoneSimulator
		{67763D31-29C2-4563-ACC6-4B2214BBCBF8}.Release|iPhoneSimulator.Build.0 = Release|iPhoneSimulator
		{9FFBBC40-42CE-4909-BA9B-BF076628D1FE}.Ad-Hoc|iPhone.ActiveCfg = Release|Any CPU
		{9FFBBC40-42CE-4909-BA9B-BF076628D1FE}.Ad-Hoc|iPhone.Build.0 = Release|Any CPU
		{9FFBBC40-42CE-4909-BA9B-BF076628D1FE}.AppStore|iPhone.ActiveCfg = Release|Any CPU
		{9FFBBC40-42CE-4909-BA9B-BF076628D1FE}.AppStore|iPhone.Build.0 = Release|Any CPU
		{9FFBBC40-42CE-4909-BA9B-BF076628D1FE}.Debug|Any CPU.ActiveCfg = Debug|Any CPU
		{9FFBBC40-42CE-4909-BA9B-BF076628D1FE}.Debug|Any CPU.Build.0 = Debug|Any CPU
		{9FFBBC40-42CE-4909-BA9B-BF076628D1FE}.Debug|iPhone.ActiveCfg = Debug|Any CPU
		{9FFBBC40-42CE-4909-BA9B-BF076628D1FE}.Debug|iPhone.Build.0 = Debug|Any CPU
		{9FFBBC40-42CE-4909-BA9B-BF076628D1FE}.Debug|iPhoneSimulator.ActiveCfg = Debug|Any CPU
		{9FFBBC40-42CE-4909-BA9B-BF076628D1FE}.Debug|iPhoneSimulator.Build.0 = Debug|Any CPU
		{9FFBBC40-42CE-4909-BA9B-BF076628D1FE}.Release|Any CPU.ActiveCfg = Release|Any CPU
		{9FFBBC40-42CE-4909-BA9B-BF076628D1FE}.Release|Any CPU.Build.0 = Release|Any CPU
		{9FFBBC40-42CE-4909-BA9B-BF076628D1FE}.Release|iPhone.ActiveCfg = Release|Any CPU
		{9FFBBC40-42CE-4909-BA9B-BF076628D1FE}.Release|iPhone.Build.0 = Release|Any CPU
		{9FFBBC40-42CE-4909-BA9B-BF076628D1FE}.Release|iPhoneSimulator.ActiveCfg = Release|Any CPU
		{9FFBBC40-42CE-4909-BA9B-BF076628D1FE}.Release|iPhoneSimulator.Build.0 = Release|Any CPU
	EndGlobalSection
EndGlobal
